<?xml version="1.0" encoding="utf-8"?>
<Project ToolsVersion="4.0" xmlns="http://schemas.microsoft.com/developer/msbuild/2003">
  <ItemGroup>
    <Filter Include="Source Files">
      <UniqueIdentifier>{4FC737F1-C7A5-4376-A066-2A32D752A2FF}</UniqueIdentifier>
      <Extensions>cpp;c;cc;cxx;c++;cppm;ixx;def;odl;idl;hpj;bat;asm;asmx</Extensions>
    </Filter>
    <Filter Include="Header Files">
      <UniqueIdentifier>{93995380-89BD-4b04-88EB-625FBE52EBFB}</UniqueIdentifier>
      <Extensions>h;hh;hpp;hxx;h++;hm;inl;inc;ipp;xsd</Extensions>
    </Filter>
    <Filter Include="Resource Files">
      <UniqueIdentifier>{67DA6AB6-F800-4c08-8B7A-83BB121AAD01}</UniqueIdentifier>
      <Extensions>rc;ico;cur;bmp;dlg;rc2;rct;bin;rgs;gif;jpg;jpeg;jpe;resx;tiff;tif;png;wav;mfcribbon-ms</Extensions>
    </Filter>
  </ItemGroup>
  <ItemGroup>
    <ClInclude Include="src\types\message.h">
      <Filter>Header Files</Filter>
    </ClInclude>
    <ClInclude Include="src\types\attributes.h">
      <Filter>Header Files</Filter>
    </ClInclude>
    <ClInclude Include="src\types\comment.h">
      <Filter>Header Files</Filter>
    </ClInclude>
    <ClInclude Include="src\types\c-expr.h">
      <Filter>Header Files</Filter>
    </ClInclude>
    <ClInclude Include="src\parser\dbclineparser.h">
      <Filter>Header Files</Filter>
    </ClInclude>
    <ClInclude Include="src\parser\dbcscanner.h">
      <Filter>Header Files</Filter>
    </ClInclude>
    <ClInclude Include="src\codegen\c-sigprinter.h">
      <Filter>Header Files</Filter>
    </ClInclude>
    <ClInclude Include="src\codegen\c-main-generator.h">
      <Filter>Header Files</Filter>
    </ClInclude>
    <ClInclude Include="src\types\outfile.h">
      <Filter>Header Files</Filter>
    </ClInclude>
    <ClInclude Include="src\codegen\filewriter.h">
      <Filter>Header Files</Filter>
    </ClInclude>
  </ItemGroup>
  <ItemGroup>
    <ClCompile Include="src\parser\dbclineparser.cpp">
      <Filter>Source Files</Filter>
    </ClCompile>
    <ClCompile Include="src\parser\dbcscanner.cpp">
      <Filter>Source Files</Filter>
    </ClCompile>
    <ClCompile Include="src\codegen\c-sigprinter.cpp">
      <Filter>Source Files</Filter>
    </ClCompile>
    <ClCompile Include="src\codegen\c-main-generator.cpp">
      <Filter>Source Files</Filter>
    </ClCompile>
    <ClCompile Include="src\codegen\filewriter.cpp">
      <Filter>Source Files</Filter>
    </ClCompile>
  </ItemGroup>
</Project>